
Microsoft Visual Studio Solution File, Format Version 12.00
# Visual Studio Version 16
VisualStudioVersion = 16.0.30114.105
MinimumVisualStudioVersion = 10.0.40219.1
Project("{2150E333-8FDC-42A3-9474-1A3956D46DE8}") = "Solution Items", "Solution Items", "{6F0B69E6-2610-43C5-A106-3E4AFAB201A5}"
	ProjectSection(SolutionItems) = preProject
		Local.testsettings = Local.testsettings
	EndProjectSection
EndProject
Project("{2150E333-8FDC-42A3-9474-1A3956D46DE8}") = "src", "src", "{954F2DBA-50C4-4711-B4BF-5CAC78BCC37D}"
EndProject
Project("{2150E333-8FDC-42A3-9474-1A3956D46DE8}") = "test", "test", "{7091E415-A953-4F68-A2C4-3A2CAA8FB30E}"
EndProject
Project("{2150E333-8FDC-42A3-9474-1A3956D46DE8}") = "Backend", "Backend", "{BF927A15-09A8-4EA2-9287-76A7E26D38B1}"
EndProject
Project("{2150E333-8FDC-42A3-9474-1A3956D46DE8}") = "Web Apps", "Web Apps", "{FD69F6EB-EAF7-4304-AE87-3530E7595DB9}"
EndProject
Project("{2150E333-8FDC-42A3-9474-1A3956D46DE8}") = "Web Services", "Web Services", "{95B7B2F7-98A8-44F5-B7F6-536CCFB73517}"
EndProject
Project("{FAE04EC0-301F-11D3-BF4B-00C04F79EFBC}") = "EnrollmentSystemWebApp", "EnrollmentSystemWebApp\EnrollmentSystemWebApp.csproj", "{CD96C402-ED03-4531-B1B4-B51F8080E72E}"
EndProject
Project("{2150E333-8FDC-42A3-9474-1A3956D46DE8}") = "Core", "Core", "{890B5DC7-2ED6-490D-A018-84D7570F9784}"
EndProject
Project("{FAE04EC0-301F-11D3-BF4B-00C04F79EFBC}") = "Service", "Service\Service.csproj", "{7D40C63C-ED81-4D67-A799-2C0C7CA97CD8}"
EndProject
Project("{FAE04EC0-301F-11D3-BF4B-00C04F79EFBC}") = "SolutionFiles", "SolutionFiles\SolutionFiles.csproj", "{320D6305-8C3A-478B-BF51-F6A06B606B50}"
EndProject
Project("{FAE04EC0-301F-11D3-BF4B-00C04F79EFBC}") = "Core.API", "Core.API\Core.API.csproj", "{087C8CA0-4C94-4585-8403-B4D9B0542205}"
EndProject
Project("{FAE04EC0-301F-11D3-BF4B-00C04F79EFBC}") = "Core.API.Model", "Core.API.Model\Core.API.Model.csproj", "{4CFD6D7F-C8E6-43D0-B196-25C7E94A3615}"
EndProject
Project("{FAE04EC0-301F-11D3-BF4B-00C04F79EFBC}") = "Domain", "Domain\Domain.csproj", "{7AA1031D-1670-44FD-8202-4CEFF7E771AE}"
EndProject
Project("{2150E333-8FDC-42A3-9474-1A3956D46DE8}") = "Security", "Security", "{0E9A4853-5D9C-4C7C-86D2-96ABF2A7A4AB}"
EndProject
Project("{9A19103F-16F7-4668-BE54-9A1E7A4F7556}") = "Common", "Common\Common\Common.csproj", "{CA8E872C-5BF5-448E-B6DA-C5E08B35362F}"
EndProject
Project("{9A19103F-16F7-4668-BE54-9A1E7A4F7556}") = "Common.AspNet", "Common\Common.AspNet\Common.AspNet.csproj", "{EC27D426-BF69-423C-AC69-D5D35A327796}"
EndProject
Project("{FAE04EC0-301F-11D3-BF4B-00C04F79EFBC}") = "Infraestructure", "Infraestructure\Infraestructure.csproj", "{A4E9E12C-DC3B-4CA2-8C34-5001D6904F0F}"
EndProject
Project("{FAE04EC0-301F-11D3-BF4B-00C04F79EFBC}") = "EnrollmentSelfServicesWebApp", "EnrollmentSelfServicesWebApp\EnrollmentSelfServicesWebApp.csproj", "{2073361D-6CA7-4FDD-8A00-54451BF0DF49}"
EndProject
Project("{FAE04EC0-301F-11D3-BF4B-00C04F79EFBC}") = "Security.API", "Security.API\Security.API.csproj", "{BD225322-0C9F-45F9-8F8E-D4C3BE0BF49A}"
EndProject
Project("{9A19103F-16F7-4668-BE54-9A1E7A4F7556}") = "Security.API.Model", "Security.API.Model\Security.API.Model.csproj", "{207C7503-BD27-4CC4-BA76-52E31AF70E7D}"
EndProject
Project("{FAE04EC0-301F-11D3-BF4B-00C04F79EFBC}") = "EnrollmentPrincipalWebApp", "EnrollmentPrincipalWebApp\EnrollmentPrincipalWebApp.csproj", "{8FBB0E4C-EAD1-474C-8870-51D9CD4BCF8D}"
EndProject
Project("{00D1A9C2-B5F0-4AF3-8072-F6C62B433612}") = "EnrollmentDB", "EnrollmentDB\EnrollmentDB.sqlproj", "{40068504-D334-4115-9633-C96AE2380FFF}"
EndProject
Project("{2150E333-8FDC-42A3-9474-1A3956D46DE8}") = "Database", "Database", "{BE7A1D1E-7288-4C01-B910-135BA9157F5C}"
EndProject
Project("{FAE04EC0-301F-11D3-BF4B-00C04F79EFBC}") = "EnrollmentSurvey", "EnrollmentSurvey\EnrollmentSurvey.csproj", "{D44A6444-9AAB-41F4-951D-3011382C374D}"
EndProject
Project("{2150E333-8FDC-42A3-9474-1A3956D46DE8}") = "Thrid  Parties", "Thrid  Parties", "{2BB125D9-5131-457E-8C1E-C31A873492DA}"
EndProject
Project("{9A19103F-16F7-4668-BE54-9A1E7A4F7556}") = "Sms", "Sms\Sms.csproj", "{31A95F83-BDF9-459E-95C0-1F0F12BEE578}"
EndProject
Project("{FAE04EC0-301F-11D3-BF4B-00C04F79EFBC}") = "EnrollmentTest", "EnrollmentTest\EnrollmentTest.csproj", "{18E650A0-9020-4A79-9058-F2C63D06B200}"
EndProject
Project("{FAE04EC0-301F-11D3-BF4B-00C04F79EFBC}") = "WebAndLoadTestProject2", "WebAndLoadTestProject2\WebAndLoadTestProject2.csproj", "{1AF4A929-E538-4F65-8B19-5B9F79E360B0}"
EndProject
Project("{2150E333-8FDC-42A3-9474-1A3956D46DE8}") = "Scripts", "Scripts", "{6E297EDA-61A1-4983-A81F-BD564136558B}"
	ProjectSection(SolutionItems) = preProject
		insert-physician.sql = insert-physician.sql
		insert-users-asistido.sql = insert-users-asistido.sql
		insert-users-selfsrvice.sql = insert-users-selfsrvice.sql
		insert-users-selfsrvice.sql = insert-users-selfsrvice.sql
		update-pmg.sql = update-pmg.sql
	EndProjectSection
EndProject
Global
	GlobalSection(SolutionConfigurationPlatforms) = preSolution
		Debug|Any CPU = Debug|Any CPU
		Produccion|Any CPU = Produccion|Any CPU
		Release|Any CPU = Release|Any CPU
		Test|Any CPU = Test|Any CPU
		WebConfigDEV|Any CPU = WebConfigDEV|Any CPU
	EndGlobalSection
	GlobalSection(ProjectConfigurationPlatforms) = postSolution
		{CD96C402-ED03-4531-B1B4-B51F8080E72E}.Debug|Any CPU.ActiveCfg = Debug|Any CPU
		{CD96C402-ED03-4531-B1B4-B51F8080E72E}.Debug|Any CPU.Build.0 = Debug|Any CPU
		{CD96C402-ED03-4531-B1B4-B51F8080E72E}.Produccion|Any CPU.ActiveCfg = Produccion|Any CPU
		{CD96C402-ED03-4531-B1B4-B51F8080E72E}.Produccion|Any CPU.Build.0 = Produccion|Any CPU
		{CD96C402-ED03-4531-B1B4-B51F8080E72E}.Release|Any CPU.ActiveCfg = Release|Any CPU
		{CD96C402-ED03-4531-B1B4-B51F8080E72E}.Release|Any CPU.Build.0 = Release|Any CPU
		{CD96C402-ED03-4531-B1B4-B51F8080E72E}.Test|Any CPU.ActiveCfg = Test|Any CPU
		{CD96C402-ED03-4531-B1B4-B51F8080E72E}.Test|Any CPU.Build.0 = Test|Any CPU
		{CD96C402-ED03-4531-B1B4-B51F8080E72E}.WebConfigDEV|Any CPU.ActiveCfg = WebConfigDEV|Any CPU
		{CD96C402-ED03-4531-B1B4-B51F8080E72E}.WebConfigDEV|Any CPU.Build.0 = WebConfigDEV|Any CPU
		{7D40C63C-ED81-4D67-A799-2C0C7CA97CD8}.Debug|Any CPU.ActiveCfg = Debug|Any CPU
		{7D40C63C-ED81-4D67-A799-2C0C7CA97CD8}.Debug|Any CPU.Build.0 = Debug|Any CPU
		{7D40C63C-ED81-4D67-A799-2C0C7CA97CD8}.Produccion|Any CPU.ActiveCfg = Produccion|Any CPU
		{7D40C63C-ED81-4D67-A799-2C0C7CA97CD8}.Produccion|Any CPU.Build.0 = Produccion|Any CPU
		{7D40C63C-ED81-4D67-A799-2C0C7CA97CD8}.Release|Any CPU.ActiveCfg = Release|Any CPU
		{7D40C63C-ED81-4D67-A799-2C0C7CA97CD8}.Release|Any CPU.Build.0 = Release|Any CPU
		{7D40C63C-ED81-4D67-A799-2C0C7CA97CD8}.Test|Any CPU.ActiveCfg = Test|Any CPU
		{7D40C63C-ED81-4D67-A799-2C0C7CA97CD8}.Test|Any CPU.Build.0 = Test|Any CPU
		{7D40C63C-ED81-4D67-A799-2C0C7CA97CD8}.WebConfigDEV|Any CPU.ActiveCfg = WebConfigDEV|Any CPU
		{7D40C63C-ED81-4D67-A799-2C0C7CA97CD8}.WebConfigDEV|Any CPU.Build.0 = WebConfigDEV|Any CPU
		{320D6305-8C3A-478B-BF51-F6A06B606B50}.Debug|Any CPU.ActiveCfg = Debug|Any CPU
		{320D6305-8C3A-478B-BF51-F6A06B606B50}.Debug|Any CPU.Build.0 = Debug|Any CPU
		{320D6305-8C3A-478B-BF51-F6A06B606B50}.Produccion|Any CPU.ActiveCfg = Produccion|Any CPU
		{320D6305-8C3A-478B-BF51-F6A06B606B50}.Produccion|Any CPU.Build.0 = Produccion|Any CPU
		{320D6305-8C3A-478B-BF51-F6A06B606B50}.Release|Any CPU.ActiveCfg = Release|Any CPU
		{320D6305-8C3A-478B-BF51-F6A06B606B50}.Release|Any CPU.Build.0 = Release|Any CPU
		{320D6305-8C3A-478B-BF51-F6A06B606B50}.Test|Any CPU.ActiveCfg = Test|Any CPU
		{320D6305-8C3A-478B-BF51-F6A06B606B50}.Test|Any CPU.Build.0 = Test|Any CPU
		{320D6305-8C3A-478B-BF51-F6A06B606B50}.WebConfigDEV|Any CPU.ActiveCfg = WebConfigDEV|Any CPU
		{320D6305-8C3A-478B-BF51-F6A06B606B50}.WebConfigDEV|Any CPU.Build.0 = WebConfigDEV|Any CPU
		{087C8CA0-4C94-4585-8403-B4D9B0542205}.Debug|Any CPU.ActiveCfg = Debug|Any CPU
		{087C8CA0-4C94-4585-8403-B4D9B0542205}.Debug|Any CPU.Build.0 = Debug|Any CPU
		{087C8CA0-4C94-4585-8403-B4D9B0542205}.Produccion|Any CPU.ActiveCfg = Produccion|Any CPU
		{087C8CA0-4C94-4585-8403-B4D9B0542205}.Produccion|Any CPU.Build.0 = Produccion|Any CPU
		{087C8CA0-4C94-4585-8403-B4D9B0542205}.Release|Any CPU.ActiveCfg = Release|Any CPU
		{087C8CA0-4C94-4585-8403-B4D9B0542205}.Release|Any CPU.Build.0 = Release|Any CPU
		{087C8CA0-4C94-4585-8403-B4D9B0542205}.Test|Any CPU.ActiveCfg = Test|Any CPU
		{087C8CA0-4C94-4585-8403-B4D9B0542205}.Test|Any CPU.Build.0 = Test|Any CPU
		{087C8CA0-4C94-4585-8403-B4D9B0542205}.WebConfigDEV|Any CPU.ActiveCfg = WebConfigDEV|Any CPU
		{087C8CA0-4C94-4585-8403-B4D9B0542205}.WebConfigDEV|Any CPU.Build.0 = WebConfigDEV|Any CPU
		{4CFD6D7F-C8E6-43D0-B196-25C7E94A3615}.Debug|Any CPU.ActiveCfg = Debug|Any CPU
		{4CFD6D7F-C8E6-43D0-B196-25C7E94A3615}.Debug|Any CPU.Build.0 = Debug|Any CPU
		{4CFD6D7F-C8E6-43D0-B196-25C7E94A3615}.Produccion|Any CPU.ActiveCfg = Produccion|Any CPU
		{4CFD6D7F-C8E6-43D0-B196-25C7E94A3615}.Produccion|Any CPU.Build.0 = Produccion|Any CPU
		{4CFD6D7F-C8E6-43D0-B196-25C7E94A3615}.Release|Any CPU.ActiveCfg = Release|Any CPU
		{4CFD6D7F-C8E6-43D0-B196-25C7E94A3615}.Release|Any CPU.Build.0 = Release|Any CPU
		{4CFD6D7F-C8E6-43D0-B196-25C7E94A3615}.Test|Any CPU.ActiveCfg = Test|Any CPU
		{4CFD6D7F-C8E6-43D0-B196-25C7E94A3615}.Test|Any CPU.Build.0 = Test|Any CPU
		{4CFD6D7F-C8E6-43D0-B196-25C7E94A3615}.WebConfigDEV|Any CPU.ActiveCfg = WebConfigDEV|Any CPU
		{4CFD6D7F-C8E6-43D0-B196-25C7E94A3615}.WebConfigDEV|Any CPU.Build.0 = WebConfigDEV|Any CPU
		{7AA1031D-1670-44FD-8202-4CEFF7E771AE}.Debug|Any CPU.ActiveCfg = Debug|Any CPU
		{7AA1031D-1670-44FD-8202-4CEFF7E771AE}.Debug|Any CPU.Build.0 = Debug|Any CPU
		{7AA1031D-1670-44FD-8202-4CEFF7E771AE}.Produccion|Any CPU.ActiveCfg = Produccion|Any CPU
		{7AA1031D-1670-44FD-8202-4CEFF7E771AE}.Produccion|Any CPU.Build.0 = Produccion|Any CPU
		{7AA1031D-1670-44FD-8202-4CEFF7E771AE}.Release|Any CPU.ActiveCfg = Release|Any CPU
		{7AA1031D-1670-44FD-8202-4CEFF7E771AE}.Release|Any CPU.Build.0 = Release|Any CPU
		{7AA1031D-1670-44FD-8202-4CEFF7E771AE}.Test|Any CPU.ActiveCfg = Test|Any CPU
		{7AA1031D-1670-44FD-8202-4CEFF7E771AE}.Test|Any CPU.Build.0 = Test|Any CPU
		{7AA1031D-1670-44FD-8202-4CEFF7E771AE}.WebConfigDEV|Any CPU.ActiveCfg = WebConfigDEV|Any CPU
		{7AA1031D-1670-44FD-8202-4CEFF7E771AE}.WebConfigDEV|Any CPU.Build.0 = WebConfigDEV|Any CPU
		{CA8E872C-5BF5-448E-B6DA-C5E08B35362F}.Debug|Any CPU.ActiveCfg = Debug|Any CPU
		{CA8E872C-5BF5-448E-B6DA-C5E08B35362F}.Debug|Any CPU.Build.0 = Debug|Any CPU
		{CA8E872C-5BF5-448E-B6DA-C5E08B35362F}.Produccion|Any CPU.ActiveCfg = Produccion|Any CPU
		{CA8E872C-5BF5-448E-B6DA-C5E08B35362F}.Produccion|Any CPU.Build.0 = Produccion|Any CPU
		{CA8E872C-5BF5-448E-B6DA-C5E08B35362F}.Release|Any CPU.ActiveCfg = Release|Any CPU
		{CA8E872C-5BF5-448E-B6DA-C5E08B35362F}.Release|Any CPU.Build.0 = Release|Any CPU
		{CA8E872C-5BF5-448E-B6DA-C5E08B35362F}.Test|Any CPU.ActiveCfg = Test|Any CPU
		{CA8E872C-5BF5-448E-B6DA-C5E08B35362F}.Test|Any CPU.Build.0 = Test|Any CPU
		{CA8E872C-5BF5-448E-B6DA-C5E08B35362F}.WebConfigDEV|Any CPU.ActiveCfg = WebConfigDEV|Any CPU
		{CA8E872C-5BF5-448E-B6DA-C5E08B35362F}.WebConfigDEV|Any CPU.Build.0 = WebConfigDEV|Any CPU
		{EC27D426-BF69-423C-AC69-D5D35A327796}.Debug|Any CPU.ActiveCfg = Debug|Any CPU
		{EC27D426-BF69-423C-AC69-D5D35A327796}.Debug|Any CPU.Build.0 = Debug|Any CPU
		{EC27D426-BF69-423C-AC69-D5D35A327796}.Produccion|Any CPU.ActiveCfg = Produccion|Any CPU
		{EC27D426-BF69-423C-AC69-D5D35A327796}.Produccion|Any CPU.Build.0 = Produccion|Any CPU
		{EC27D426-BF69-423C-AC69-D5D35A327796}.Release|Any CPU.ActiveCfg = Release|Any CPU
		{EC27D426-BF69-423C-AC69-D5D35A327796}.Release|Any CPU.Build.0 = Release|Any CPU
		{EC27D426-BF69-423C-AC69-D5D35A327796}.Test|Any CPU.ActiveCfg = Test|Any CPU
		{EC27D426-BF69-423C-AC69-D5D35A327796}.Test|Any CPU.Build.0 = Test|Any CPU
		{EC27D426-BF69-423C-AC69-D5D35A327796}.WebConfigDEV|Any CPU.ActiveCfg = WebConfigDEV|Any CPU
		{EC27D426-BF69-423C-AC69-D5D35A327796}.WebConfigDEV|Any CPU.Build.0 = WebConfigDEV|Any CPU
		{A4E9E12C-DC3B-4CA2-8C34-5001D6904F0F}.Debug|Any CPU.ActiveCfg = Debug|Any CPU
		{A4E9E12C-DC3B-4CA2-8C34-5001D6904F0F}.Debug|Any CPU.Build.0 = Debug|Any CPU
		{A4E9E12C-DC3B-4CA2-8C34-5001D6904F0F}.Produccion|Any CPU.ActiveCfg = Produccion|Any CPU
		{A4E9E12C-DC3B-4CA2-8C34-5001D6904F0F}.Produccion|Any CPU.Build.0 = Produccion|Any CPU
		{A4E9E12C-DC3B-4CA2-8C34-5001D6904F0F}.Release|Any CPU.ActiveCfg = Release|Any CPU
		{A4E9E12C-DC3B-4CA2-8C34-5001D6904F0F}.Release|Any CPU.Build.0 = Release|Any CPU
		{A4E9E12C-DC3B-4CA2-8C34-5001D6904F0F}.Test|Any CPU.ActiveCfg = Test|Any CPU
		{A4E9E12C-DC3B-4CA2-8C34-5001D6904F0F}.Test|Any CPU.Build.0 = Test|Any CPU
		{A4E9E12C-DC3B-4CA2-8C34-5001D6904F0F}.WebConfigDEV|Any CPU.ActiveCfg = WebConfigDEV|Any CPU
		{A4E9E12C-DC3B-4CA2-8C34-5001D6904F0F}.WebConfigDEV|Any CPU.Build.0 = WebConfigDEV|Any CPU
		{2073361D-6CA7-4FDD-8A00-54451BF0DF49}.Debug|Any CPU.ActiveCfg = Debug|Any CPU
		{2073361D-6CA7-4FDD-8A00-54451BF0DF49}.Debug|Any CPU.Build.0 = Debug|Any CPU
		{2073361D-6CA7-4FDD-8A00-54451BF0DF49}.Produccion|Any CPU.ActiveCfg = Produccion|Any CPU
		{2073361D-6CA7-4FDD-8A00-54451BF0DF49}.Produccion|Any CPU.Build.0 = Produccion|Any CPU
		{2073361D-6CA7-4FDD-8A00-54451BF0DF49}.Release|Any CPU.ActiveCfg = Release|Any CPU
		{2073361D-6CA7-4FDD-8A00-54451BF0DF49}.Release|Any CPU.Build.0 = Release|Any CPU
		{2073361D-6CA7-4FDD-8A00-54451BF0DF49}.Test|Any CPU.ActiveCfg = Test|Any CPU
		{2073361D-6CA7-4FDD-8A00-54451BF0DF49}.Test|Any CPU.Build.0 = Test|Any CPU
		{2073361D-6CA7-4FDD-8A00-54451BF0DF49}.WebConfigDEV|Any CPU.ActiveCfg = WebConfigDEV|Any CPU
		{2073361D-6CA7-4FDD-8A00-54451BF0DF49}.WebConfigDEV|Any CPU.Build.0 = WebConfigDEV|Any CPU
		{BD225322-0C9F-45F9-8F8E-D4C3BE0BF49A}.Debug|Any CPU.ActiveCfg = Debug|Any CPU
		{BD225322-0C9F-45F9-8F8E-D4C3BE0BF49A}.Debug|Any CPU.Build.0 = Debug|Any CPU
		{BD225322-0C9F-45F9-8F8E-D4C3BE0BF49A}.Produccion|Any CPU.ActiveCfg = Produccion|Any CPU
		{BD225322-0C9F-45F9-8F8E-D4C3BE0BF49A}.Produccion|Any CPU.Build.0 = Produccion|Any CPU
		{BD225322-0C9F-45F9-8F8E-D4C3BE0BF49A}.Release|Any CPU.ActiveCfg = Release|Any CPU
		{BD225322-0C9F-45F9-8F8E-D4C3BE0BF49A}.Release|Any CPU.Build.0 = Release|Any CPU
		{BD225322-0C9F-45F9-8F8E-D4C3BE0BF49A}.Test|Any CPU.ActiveCfg = Test|Any CPU
		{BD225322-0C9F-45F9-8F8E-D4C3BE0BF49A}.Test|Any CPU.Build.0 = Test|Any CPU
		{BD225322-0C9F-45F9-8F8E-D4C3BE0BF49A}.WebConfigDEV|Any CPU.ActiveCfg = WebConfigDEV|Any CPU
		{BD225322-0C9F-45F9-8F8E-D4C3BE0BF49A}.WebConfigDEV|Any CPU.Build.0 = WebConfigDEV|Any CPU
		{207C7503-BD27-4CC4-BA76-52E31AF70E7D}.Debug|Any CPU.ActiveCfg = Debug|Any CPU
		{207C7503-BD27-4CC4-BA76-52E31AF70E7D}.Debug|Any CPU.Build.0 = Debug|Any CPU
		{207C7503-BD27-4CC4-BA76-52E31AF70E7D}.Produccion|Any CPU.ActiveCfg = Produccion|Any CPU
		{207C7503-BD27-4CC4-BA76-52E31AF70E7D}.Produccion|Any CPU.Build.0 = Produccion|Any CPU
		{207C7503-BD27-4CC4-BA76-52E31AF70E7D}.Release|Any CPU.ActiveCfg = Release|Any CPU
		{207C7503-BD27-4CC4-BA76-52E31AF70E7D}.Release|Any CPU.Build.0 = Release|Any CPU
		{207C7503-BD27-4CC4-BA76-52E31AF70E7D}.Test|Any CPU.ActiveCfg = Test|Any CPU
		{207C7503-BD27-4CC4-BA76-52E31AF70E7D}.Test|Any CPU.Build.0 = Test|Any CPU
		{207C7503-BD27-4CC4-BA76-52E31AF70E7D}.WebConfigDEV|Any CPU.ActiveCfg = WebConfigDEV|Any CPU
		{207C7503-BD27-4CC4-BA76-52E31AF70E7D}.WebConfigDEV|Any CPU.Build.0 = WebConfigDEV|Any CPU
		{8FBB0E4C-EAD1-474C-8870-51D9CD4BCF8D}.Debug|Any CPU.ActiveCfg = Debug|Any CPU
		{8FBB0E4C-EAD1-474C-8870-51D9CD4BCF8D}.Debug|Any CPU.Build.0 = Debug|Any CPU
		{8FBB0E4C-EAD1-474C-8870-51D9CD4BCF8D}.Produccion|Any CPU.ActiveCfg = Produccion|Any CPU
		{8FBB0E4C-EAD1-474C-8870-51D9CD4BCF8D}.Produccion|Any CPU.Build.0 = Produccion|Any CPU
		{8FBB0E4C-EAD1-474C-8870-51D9CD4BCF8D}.Release|Any CPU.ActiveCfg = Release|Any CPU
		{8FBB0E4C-EAD1-474C-8870-51D9CD4BCF8D}.Release|Any CPU.Build.0 = Release|Any CPU
		{8FBB0E4C-EAD1-474C-8870-51D9CD4BCF8D}.Test|Any CPU.ActiveCfg = Test|Any CPU
		{8FBB0E4C-EAD1-474C-8870-51D9CD4BCF8D}.Test|Any CPU.Build.0 = Test|Any CPU
		{8FBB0E4C-EAD1-474C-8870-51D9CD4BCF8D}.WebConfigDEV|Any CPU.ActiveCfg = WebConfigDEV|Any CPU
		{8FBB0E4C-EAD1-474C-8870-51D9CD4BCF8D}.WebConfigDEV|Any CPU.Build.0 = WebConfigDEV|Any CPU
		{40068504-D334-4115-9633-C96AE2380FFF}.Debug|Any CPU.ActiveCfg = Debug|Any CPU
		{40068504-D334-4115-9633-C96AE2380FFF}.Debug|Any CPU.Build.0 = Debug|Any CPU
		{40068504-D334-4115-9633-C96AE2380FFF}.Debug|Any CPU.Deploy.0 = Debug|Any CPU
		{40068504-D334-4115-9633-C96AE2380FFF}.Produccion|Any CPU.ActiveCfg = Produccion|Any CPU
		{40068504-D334-4115-9633-C96AE2380FFF}.Release|Any CPU.ActiveCfg = Release|Any CPU
		{40068504-D334-4115-9633-C96AE2380FFF}.Release|Any CPU.Build.0 = Release|Any CPU
		{40068504-D334-4115-9633-C96AE2380FFF}.Release|Any CPU.Deploy.0 = Release|Any CPU
		{40068504-D334-4115-9633-C96AE2380FFF}.Test|Any CPU.ActiveCfg = Release|Any CPU
		{40068504-D334-4115-9633-C96AE2380FFF}.WebConfigDEV|Any CPU.ActiveCfg = Release|Any CPU
		{D44A6444-9AAB-41F4-951D-3011382C374D}.Debug|Any CPU.ActiveCfg = Debug|Any CPU
		{D44A6444-9AAB-41F4-951D-3011382C374D}.Debug|Any CPU.Build.0 = Debug|Any CPU
		{D44A6444-9AAB-41F4-951D-3011382C374D}.Produccion|Any CPU.ActiveCfg = Produccion|Any CPU
		{D44A6444-9AAB-41F4-951D-3011382C374D}.Produccion|Any CPU.Build.0 = Produccion|Any CPU
		{D44A6444-9AAB-41F4-951D-3011382C374D}.Release|Any CPU.ActiveCfg = Release|Any CPU
		{D44A6444-9AAB-41F4-951D-3011382C374D}.Release|Any CPU.Build.0 = Release|Any CPU
		{D44A6444-9AAB-41F4-951D-3011382C374D}.Test|Any CPU.ActiveCfg = Test|Any CPU
		{D44A6444-9AAB-41F4-951D-3011382C374D}.Test|Any CPU.Build.0 = Test|Any CPU
		{D44A6444-9AAB-41F4-951D-3011382C374D}.WebConfigDEV|Any CPU.ActiveCfg = WebConfigDEV|Any CPU
		{D44A6444-9AAB-41F4-951D-3011382C374D}.WebConfigDEV|Any CPU.Build.0 = WebConfigDEV|Any CPU
		{31A95F83-BDF9-459E-95C0-1F0F12BEE578}.Debug|Any CPU.ActiveCfg = Debug|Any CPU
		{31A95F83-BDF9-459E-95C0-1F0F12BEE578}.Debug|Any CPU.Build.0 = Debug|Any CPU
		{31A95F83-BDF9-459E-95C0-1F0F12BEE578}.Produccion|Any CPU.ActiveCfg = Produccion|Any CPU
		{31A95F83-BDF9-459E-95C0-1F0F12BEE578}.Produccion|Any CPU.Build.0 = Produccion|Any CPU
		{31A95F83-BDF9-459E-95C0-1F0F12BEE578}.Release|Any CPU.ActiveCfg = Release|Any CPU
		{31A95F83-BDF9-459E-95C0-1F0F12BEE578}.Release|Any CPU.Build.0 = Release|Any CPU
		{31A95F83-BDF9-459E-95C0-1F0F12BEE578}.Test|Any CPU.ActiveCfg = Test|Any CPU
		{31A95F83-BDF9-459E-95C0-1F0F12BEE578}.Test|Any CPU.Build.0 = Test|Any CPU
		{31A95F83-BDF9-459E-95C0-1F0F12BEE578}.WebConfigDEV|Any CPU.ActiveCfg = WebConfigDEV|Any CPU
		{31A95F83-BDF9-459E-95C0-1F0F12BEE578}.WebConfigDEV|Any CPU.Build.0 = WebConfigDEV|Any CPU
		{18E650A0-9020-4A79-9058-F2C63D06B200}.Debug|Any CPU.ActiveCfg = Debug|Any CPU
		{18E650A0-9020-4A79-9058-F2C63D06B200}.Debug|Any CPU.Build.0 = Debug|Any CPU
		{18E650A0-9020-4A79-9058-F2C63D06B200}.Produccion|Any CPU.ActiveCfg = Produccion|Any CPU
		{18E650A0-9020-4A79-9058-F2C63D06B200}.Produccion|Any CPU.Build.0 = Produccion|Any CPU
		{18E650A0-9020-4A79-9058-F2C63D06B200}.Release|Any CPU.ActiveCfg = Release|Any CPU
		{18E650A0-9020-4A79-9058-F2C63D06B200}.Release|Any CPU.Build.0 = Release|Any CPU
		{18E650A0-9020-4A79-9058-F2C63D06B200}.Test|Any CPU.ActiveCfg = Test|Any CPU
		{18E650A0-9020-4A79-9058-F2C63D06B200}.Test|Any CPU.Build.0 = Test|Any CPU
		{18E650A0-9020-4A79-9058-F2C63D06B200}.WebConfigDEV|Any CPU.ActiveCfg = WebConfigDEV|Any CPU
		{18E650A0-9020-4A79-9058-F2C63D06B200}.WebConfigDEV|Any CPU.Build.0 = WebConfigDEV|Any CPU
		{1AF4A929-E538-4F65-8B19-5B9F79E360B0}.Debug|Any CPU.ActiveCfg = Debug|Any CPU
		{1AF4A929-E538-4F65-8B19-5B9F79E360B0}.Debug|Any CPU.Build.0 = Debug|Any CPU
		{1AF4A929-E538-4F65-8B19-5B9F79E360B0}.Produccion|Any CPU.ActiveCfg = Produccion|Any CPU
		{1AF4A929-E538-4F65-8B19-5B9F79E360B0}.Produccion|Any CPU.Build.0 = Produccion|Any CPU
		{1AF4A929-E538-4F65-8B19-5B9F79E360B0}.Release|Any CPU.ActiveCfg = Release|Any CPU
		{1AF4A929-E538-4F65-8B19-5B9F79E360B0}.Release|Any CPU.Build.0 = Release|Any CPU
		{1AF4A929-E538-4F65-8B19-5B9F79E360B0}.Test|Any CPU.ActiveCfg = Test|Any CPU
		{1AF4A929-E538-4F65-8B19-5B9F79E360B0}.Test|Any CPU.Build.0 = Test|Any CPU
		{1AF4A929-E538-4F65-8B19-5B9F79E360B0}.WebConfigDEV|Any CPU.ActiveCfg = WebConfigDEV|Any CPU
		{1AF4A929-E538-4F65-8B19-5B9F79E360B0}.WebConfigDEV|Any CPU.Build.0 = WebConfigDEV|Any CPU
	EndGlobalSection
	GlobalSection(SolutionProperties) = preSolution
		HideSolutionNode = FALSE
	EndGlobalSection
	GlobalSection(NestedProjects) = preSolution
		{BF927A15-09A8-4EA2-9287-76A7E26D38B1} = {954F2DBA-50C4-4711-B4BF-5CAC78BCC37D}
		{FD69F6EB-EAF7-4304-AE87-3530E7595DB9} = {954F2DBA-50C4-4711-B4BF-5CAC78BCC37D}
		{95B7B2F7-98A8-44F5-B7F6-536CCFB73517} = {954F2DBA-50C4-4711-B4BF-5CAC78BCC37D}
		{CD96C402-ED03-4531-B1B4-B51F8080E72E} = {FD69F6EB-EAF7-4304-AE87-3530E7595DB9}
		{890B5DC7-2ED6-490D-A018-84D7570F9784} = {95B7B2F7-98A8-44F5-B7F6-536CCFB73517}
		{7D40C63C-ED81-4D67-A799-2C0C7CA97CD8} = {BF927A15-09A8-4EA2-9287-76A7E26D38B1}
		{320D6305-8C3A-478B-BF51-F6A06B606B50} = {6F0B69E6-2610-43C5-A106-3E4AFAB201A5}
		{087C8CA0-4C94-4585-8403-B4D9B0542205} = {890B5DC7-2ED6-490D-A018-84D7570F9784}
		{4CFD6D7F-C8E6-43D0-B196-25C7E94A3615} = {890B5DC7-2ED6-490D-A018-84D7570F9784}
		{7AA1031D-1670-44FD-8202-4CEFF7E771AE} = {BF927A15-09A8-4EA2-9287-76A7E26D38B1}
		{0E9A4853-5D9C-4C7C-86D2-96ABF2A7A4AB} = {95B7B2F7-98A8-44F5-B7F6-536CCFB73517}
		{CA8E872C-5BF5-448E-B6DA-C5E08B35362F} = {6F0B69E6-2610-43C5-A106-3E4AFAB201A5}
		{EC27D426-BF69-423C-AC69-D5D35A327796} = {6F0B69E6-2610-43C5-A106-3E4AFAB201A5}
		{A4E9E12C-DC3B-4CA2-8C34-5001D6904F0F} = {BF927A15-09A8-4EA2-9287-76A7E26D38B1}
		{2073361D-6CA7-4FDD-8A00-54451BF0DF49} = {FD69F6EB-EAF7-4304-AE87-3530E7595DB9}
		{BD225322-0C9F-45F9-8F8E-D4C3BE0BF49A} = {0E9A4853-5D9C-4C7C-86D2-96ABF2A7A4AB}
		{207C7503-BD27-4CC4-BA76-52E31AF70E7D} = {0E9A4853-5D9C-4C7C-86D2-96ABF2A7A4AB}
		{8FBB0E4C-EAD1-474C-8870-51D9CD4BCF8D} = {FD69F6EB-EAF7-4304-AE87-3530E7595DB9}
		{40068504-D334-4115-9633-C96AE2380FFF} = {BE7A1D1E-7288-4C01-B910-135BA9157F5C}
		{BE7A1D1E-7288-4C01-B910-135BA9157F5C} = {954F2DBA-50C4-4711-B4BF-5CAC78BCC37D}
		{D44A6444-9AAB-41F4-951D-3011382C374D} = {FD69F6EB-EAF7-4304-AE87-3530E7595DB9}
		{31A95F83-BDF9-459E-95C0-1F0F12BEE578} = {2BB125D9-5131-457E-8C1E-C31A873492DA}
		{6E297EDA-61A1-4983-A81F-BD564136558B} = {BE7A1D1E-7288-4C01-B910-135BA9157F5C}
	EndGlobalSection
	GlobalSection(ExtensibilityGlobals) = postSolution
		SolutionGuid = {9C590639-7C07-4A48-8825-94933C7A5AB4}
	EndGlobalSection
EndGlobal
